// !$*UTF8*$!
{
	archiveVersion = 1;
	classes = {
	};
	objectVersion = 46;
	objects = {

/* Begin PBXBuildFile section */
		925BAF89167ADA6A00CDAD80 /* Icon.png in Resources */ = {isa = PBXBuildFile; fileRef = 925BAF88167ADA6A00CDAD80 /* Icon.png */; };
		925BAF8C167ADA7100CDAD80 /* Icon@2x.png in Resources */ = {isa = PBXBuildFile; fileRef = 925BAF8B167ADA7100CDAD80 /* Icon@2x.png */; };
		925D2752166C3FFC00559442 /* UIKit.framework in Frameworks */ = {isa = PBXBuildFile; fileRef = 925D2751166C3FFC00559442 /* UIKit.framework */; };
		925D2754166C3FFC00559442 /* Foundation.framework in Frameworks */ = {isa = PBXBuildFile; fileRef = 925D2753166C3FFC00559442 /* Foundation.framework */; };
		925D2756166C3FFC00559442 /* CoreGraphics.framework in Frameworks */ = {isa = PBXBuildFile; fileRef = 925D2755166C3FFC00559442 /* CoreGraphics.framework */; };
		925D275C166C3FFC00559442 /* InfoPlist.strings in Resources */ = {isa = PBXBuildFile; fileRef = 925D275A166C3FFC00559442 /* InfoPlist.strings */; };
		925D275E166C3FFC00559442 /* main.m in Sources */ = {isa = PBXBuildFile; fileRef = 925D275D166C3FFC00559442 /* main.m */; };
		925D2762166C3FFC00559442 /* QuizAppDelegate.m in Sources */ = {isa = PBXBuildFile; fileRef = 925D2761166C3FFC00559442 /* QuizAppDelegate.m */; };
		925D2764166C3FFC00559442 /* Default.png in Resources */ = {isa = PBXBuildFile; fileRef = 925D2763166C3FFC00559442 /* Default.png */; };
		925D2766166C3FFC00559442 /* Default@2x.png in Resources */ = {isa = PBXBuildFile; fileRef = 925D2765166C3FFC00559442 /* Default@2x.png */; };
		925D2768166C3FFD00559442 /* Default-568h@2x.png in Resources */ = {isa = PBXBuildFile; fileRef = 925D2767166C3FFC00559442 /* Default-568h@2x.png */; };
		925D276B166C3FFD00559442 /* QuizViewController.m in Sources */ = {isa = PBXBuildFile; fileRef = 925D276A166C3FFD00559442 /* QuizViewController.m */; };
		925D276E166C3FFD00559442 /* QuizViewController.xib in Resources */ = {isa = PBXBuildFile; fileRef = 925D276C166C3FFD00559442 /* QuizViewController.xib */; };
/* End PBXBuildFile section */

/* Begin PBXFileReference section */
		925BAF88167ADA6A00CDAD80 /* Icon.png */ = {isa = PBXFileReference; lastKnownFileType = image.png; path = Icon.png; sourceTree = "<group>"; };
		925BAF8B167ADA7100CDAD80 /* Icon@2x.png */ = {isa = PBXFileReference; lastKnownFileType = image.png; path = "Icon@2x.png"; sourceTree = "<group>"; };
		925D274D166C3FFC00559442 /* Quiz.app */ = {isa = PBXFileReference; explicitFileType = wrapper.application; includeInIndex = 0; path = Quiz.app; sourceTree = BUILT_PRODUCTS_DIR; };
		925D2751166C3FFC00559442 /* UIKit.framework */ = {isa = PBXFileReference; lastKnownFileType = wrapper.framework; name = UIKit.framework; path = System/Library/Frameworks/UIKit.framework; sourceTree = SDKROOT; };
		925D2753166C3FFC00559442 /* Foundation.framework */ = {isa = PBXFileReference; lastKnownFileType = wrapper.framework; name = Foundation.framework; path = System/Library/Frameworks/Foundation.framework; sourceTree = SDKROOT; };
		925D2755166C3FFC00559442 /* CoreGraphics.framework */ = {isa = PBXFileReference; lastKnownFileType = wrapper.framework; name = CoreGraphics.framework; path = System/Library/Frameworks/CoreGraphics.framework; sourceTree = SDKROOT; };
		925D2759166C3FFC00559442 /* Quiz-Info.plist */ = {isa = PBXFileReference; lastKnownFileType = text.plist.xml; path = "Quiz-Info.plist"; sourceTree = "<group>"; };
		925D275B166C3FFC00559442 /* en */ = {isa = PBXFileReference; lastKnownFileType = text.plist.strings; name = en; path = en.lproj/InfoPlist.strings; sourceTree = "<group>"; };
		925D275D166C3FFC00559442 /* main.m */ = {isa = PBXFileReference; lastKnownFileType = sourcecode.c.objc; path = main.m; sourceTree = "<group>"; };
		925D275F166C3FFC00559442 /* Quiz-Prefix.pch */ = {isa = PBXFileReference; lastKnownFileType = sourcecode.c.h; path = "Quiz-Prefix.pch"; sourceTree = "<group>"; };
		925D2760166C3FFC00559442 /* QuizAppDelegate.h */ = {isa = PBXFileReference; lastKnownFileType = sourcecode.c.h; path = QuizAppDelegate.h; sourceTree = "<group>"; };
		925D2761166C3FFC00559442 /* QuizAppDelegate.m */ = {isa = PBXFileReference; lastKnownFileType = sourcecode.c.objc; path = QuizAppDelegate.m; sourceTree = "<group>"; };
		925D2763166C3FFC00559442 /* Default.png */ = {isa = PBXFileReference; lastKnownFileType = image.png; path = Default.png; sourceTree = "<group>"; };
		925D2765166C3FFC00559442 /* Default@2x.png */ = {isa = PBXFileReference; lastKnownFileType = image.png; path = "Default@2x.png"; sourceTree = "<group>"; };
		925D2767166C3FFC00559442 /* Default-568h@2x.png */ = {isa = PBXFileReference; lastKnownFileType = image.png; path = "Default-568h@2x.png"; sourceTree = "<group>"; };
		925D2769166C3FFD00559442 /* QuizViewController.h */ = {isa = PBXFileReference; lastKnownFileType = sourcecode.c.h; path = QuizViewController.h; sourceTree = "<group>"; };
		925D276A166C3FFD00559442 /* QuizViewController.m */ = {isa = PBXFileReference; lastKnownFileType = sourcecode.c.objc; path = QuizViewController.m; sourceTree = "<group>"; };
		925D276D166C3FFD00559442 /* en */ = {isa = PBXFileReference; lastKnownFileType = file.xib; name = en; path = en.lproj/QuizViewController.xib; sourceTree = "<group>"; };
/* End PBXFileReference section */

/* Begin PBXFrameworksBuildPhase section */
		925D274A166C3FFC00559442 /* Frameworks */ = {
			isa = PBXFrameworksBuildPhase;
			buildActionMask = 2147483647;
			files = (
				925D2752166C3FFC00559442 /* UIKit.framework in Frameworks */,
				925D2754166C3FFC00559442 /* Foundation.framework in Frameworks */,
				925D2756166C3FFC00559442 /* CoreGraphics.framework in Frameworks */,
			);
			runOnlyForDeploymentPostprocessing = 0;
		};
/* End PBXFrameworksBuildPhase section */

/* Begin PBXGroup section */
		925D2742166C3FFC00559442 = {
			isa = PBXGroup;
			children = (
				925BAF8B167ADA7100CDAD80 /* Icon@2x.png */,
				925BAF88167ADA6A00CDAD80 /* Icon.png */,
				925D2757166C3FFC00559442 /* Quiz */,
				925D2750166C3FFC00559442 /* Frameworks */,
				925D274E166C3FFC00559442 /* Products */,
			);
			sourceTree = "<group>";
		};
		925D274E166C3FFC00559442 /* Products */ = {
			isa = PBXGroup;
			children = (
				925D274D166C3FFC00559442 /* Quiz.app */,
			);
			name = Products;
			sourceTree = "<group>";
		};
		925D2750166C3FFC00559442 /* Frameworks */ = {
			isa = PBXGroup;
			children = (
				925D2751166C3FFC00559442 /* UIKit.framework */,
				925D2753166C3FFC00559442 /* Foundation.framework */,
				925D2755166C3FFC00559442 /* CoreGraphics.framework */,
			);
			name = Frameworks;
			sourceTree = "<group>";
		};
		925D2757166C3FFC00559442 /* Quiz */ = {
			isa = PBXGroup;
			children = (
				925D2760166C3FFC00559442 /* QuizAppDelegate.h */,
				925D2761166C3FFC00559442 /* QuizAppDelegate.m */,
				925D2769166C3FFD00559442 /* QuizViewController.h */,
				925D276A166C3FFD00559442 /* QuizViewController.m */,
				925D276C166C3FFD00559442 /* QuizViewController.xib */,
				925D2758166C3FFC00559442 /* Supporting Files */,
			);
			path = Quiz;
			sourceTree = "<group>";
		};
		925D2758166C3FFC00559442 /* Supporting Files */ = {
			isa = PBXGroup;
			children = (
				925D2759166C3FFC00559442 /* Quiz-Info.plist */,
				925D275A166C3FFC00559442 /* InfoPlist.strings */,
				925D275D166C3FFC00559442 /* main.m */,
				925D275F166C3FFC00559442 /* Quiz-Prefix.pch */,
				925D2763166C3FFC00559442 /* Default.png */,
				925D2765166C3FFC00559442 /* Default@2x.png */,
				925D2767166C3FFC00559442 /* Default-568h@2x.png */,
			);
			name = "Supporting Files";
			sourceTree = "<group>";
		};
/* End PBXGroup section */

/* Begin PBXNativeTarget section */
		925D274C166C3FFC00559442 /* Quiz */ = {
			isa = PBXNativeTarget;
			buildConfigurationList = 925D2771166C3FFD00559442 /* Build configuration list for PBXNativeTarget "Quiz" */;
			buildPhases = (
				925D2749166C3FFC00559442 /* Sources */,
				925D274A166C3FFC00559442 /* Frameworks */,
				925D274B166C3FFC00559442 /* Resources */,
			);
			buildRules = (
			);
			dependencies = (
			);
			name = Quiz;
			productName = Quiz;
			productReference = 925D274D166C3FFC00559442 /* Quiz.app */;
			productType = "com.apple.product-type.application";
		};
/* End PBXNativeTarget section */

/* Begin PBXProject section */
		925D2744166C3FFC00559442 /* Project object */ = {
			isa = PBXProject;
			attributes = {
				CLASSPREFIX = Quiz;
				LastUpgradeCheck = 0450;
				ORGANIZATIONNAME = SE;
			};
			buildConfigurationList = 925D2747166C3FFC00559442 /* Build configuration list for PBXProject "Quiz" */;
			compatibilityVersion = "Xcode 3.2";
			developmentRegion = English;
			hasScannedForEncodings = 0;
			knownRegions = (
				en,
			);
			mainGroup = 925D2742166C3FFC00559442;
			productRefGroup = 925D274E166C3FFC00559442 /* Products */;
			projectDirPath = "";
			projectRoot = "";
			targets = (
				925D274C166C3FFC00559442 /* Quiz */,
			);
		};
/* End PBXProject section */

/* Begin PBXResourcesBuildPhase section */
		925D274B166C3FFC00559442 /* Resources */ = {
			isa = PBXResourcesBuildPhase;
			buildActionMask = 2147483647;
			files = (
				925D275C166C3FFC00559442 /* InfoPlist.strings in Resources */,
				925D2764166C3FFC00559442 /* Default.png in Resources */,
				925D2766166C3FFC00559442 /* Default@2x.png in Resources */,
				925D2768166C3FFD00559442 /* Default-568h@2x.png in Resources */,
				925D276E166C3FFD00559442 /* QuizViewController.xib in Resources */,
				925BAF89167ADA6A00CDAD80 /* Icon.png in Resources */,
				925BAF8C167ADA7100CDAD80 /* Icon@2x.png in Resources */,
			);
			runOnlyForDeploymentPostprocessing = 0;
		};
/* End PBXResourcesBuildPhase section */

/* Begin PBXSourcesBuildPhase section */
		925D2749166C3FFC00559442 /* Sources */ = {
			isa = PBXSourcesBuildPhase;
			buildActionMask = 2147483647;
			files = (
				925D275E166C3FFC00559442 /* main.m in Sources */,
				925D2762166C3FFC00559442 /* QuizAppDelegate.m in Sources */,
				925D276B166C3FFD00559442 /* QuizViewController.m in Sources */,
			);
			runOnlyForDeploymentPostprocessing = 0;
		};
/* End PBXSourcesBuildPhase section */

/* Begin PBXVariantGroup section */
		925D275A166C3FFC00559442 /* InfoPlist.strings */ = {
			isa = PBXVariantGroup;
			children = (
				925D275B166C3FFC00559442 /* en */,
			);
			name = InfoPlist.strings;
			sourceTree = "<group>";
		};
		925D276C166C3FFD00559442 /* QuizViewController.xib */ = {
			isa = PBXVariantGroup;
			children = (
				925D276D166C3FFD00559442 /* en */,
			);
			name = QuizViewController.xib;
			sourceTree = "<group>";
		};
/* End PBXVariantGroup section */

/* Begin XCBuildConfiguration section */
		925D276F166C3FFD00559442 /* Debug */ = {
			isa = XCBuildConfiguration;
			buildSettings = {
				ALWAYS_SEARCH_USER_PATHS = NO;
				CLANG_CXX_LANGUAGE_STANDARD = "gnu++0x";
				CLANG_CXX_LIBRARY = "libc++";
				CLANG_ENABLE_OBJC_ARC = YES;
				CLANG_WARN_EMPTY_BODY = YES;
				CLANG_WARN__DUPLICATE_METHOD_MATCH = YES;
				"CODE_SIGN_IDENTITY[sdk=iphoneos*]" = "iPhone Developer";
				COPY_PHASE_STRIP = NO;
				GCC_C_LANGUAGE_STANDARD = gnu99;
				GCC_DYNAMIC_NO_PIC = NO;
				GCC_OPTIMIZATION_LEVEL = 0;
				GCC_PREPROCESSOR_DEFINITIONS = (
					"DEBUG=1",
					"$(inherited)",
				);
				GCC_SYMBOLS_PRIVATE_EXTERN = NO;
				GCC_WARN_ABOUT_RETURN_TYPE = YES;
				GCC_WARN_UNINITIALIZED_AUTOS = YES;
				GCC_WARN_UNUSED_VARIABLE = YES;
				IPHONEOS_DEPLOYMENT_TARGET = 6.0;
				ONLY_ACTIVE_ARCH = YES;
				SDKROOT = iphoneos;
			};
			name = Debug;
		};
		925D2770166C3FFD00559442 /* Release */ = {
			isa = XCBuildConfiguration;
			buildSettings = {
				ALWAYS_SEARCH_USER_PATHS = NO;
				CLANG_CXX_LANGUAGE_STANDARD = "gnu++0x";
				CLANG_CXX_LIBRARY = "libc++";
				CLANG_ENABLE_OBJC_ARC = YES;
				CLANG_WARN_EMPTY_BODY = YES;
				CLANG_WARN__DUPLICATE_METHOD_MATCH = YES;
				"CODE_SIGN_IDENTITY[sdk=iphoneos*]" = "iPhone Developer";
				COPY_PHASE_STRIP = YES;
				GCC_C_LANGUAGE_STANDARD = gnu99;
				GCC_WARN_ABOUT_RETURN_TYPE = YES;
				GCC_WARN_UNINITIALIZED_AUTOS = YES;
				GCC_WARN_UNUSED_VARIABLE = YES;
				IPHONEOS_DEPLOYMENT_TARGET = 6.0;
				OTHER_CFLAGS = "-DNS_BLOCK_ASSERTIONS=1";
				SDKROOT = iphoneos;
				VALIDATE_PRODUCT = YES;
			};
			name = Release;
		};
		925D2772166C3FFD00559442 /* Debug */ = {
			isa = XCBuildConfiguration;
			buildSettings = {
				GCC_PRECOMPILE_PREFIX_HEADER = YES;
				GCC_PREFIX_HEADER = "Quiz/Quiz-Prefix.pch";
				INFOPLIST_FILE = "Quiz/Quiz-Info.plist";
				PRODUCT_NAME = "$(TARGET_NAME)";
				WRAPPER_EXTENSION = app;
			};
			name = Debug;
		};
		925D2773166C3FFD00559442 /* Release */ = {
			isa = XCBuildConfiguration;
			buildSettings = {
				GCC_PRECOMPILE_PREFIX_HEADER = YES;
				GCC_PREFIX_HEADER = "Quiz/Quiz-Prefix.pch";
				INFOPLIST_FILE = "Quiz/Quiz-Info.plist";
				PRODUCT_NAME = "$(TARGET_NAME)";
				WRAPPER_EXTENSION = app;
			};
			name = Release;
		};
/* End XCBuildConfiguration section */

/* Begin XCConfigurationList section */
		925D2747166C3FFC00559442 /* Build configuration list for PBXProject "Quiz" */ = {
			isa = XCConfigurationList;
			buildConfigurations = (
				925D276F166C3FFD00559442 /* Debug */,
				925D2770166C3FFD00559442 /* Release */,
			);
			defaultConfigurationIsVisible = 0;
			defaultConfigurationName = Release;
		};
		925D2771166C3FFD00559442 /* Build configuration list for PBXNativeTarget "Quiz" */ = {
			isa = XCConfigurationList;
			buildConfigurations = (
				925D2772166C3FFD00559442 /* Debug */,
				925D2773166C3FFD00559442 /* Release */,
			);
			defaultConfigurationIsVisible = 0;
			defaultConfigurationName = Release;
		};
/* End XCConfigurationList section */
	};
	rootObject = 925D2744166C3FFC00559442 /* Project object */;
}
